
Microsoft Visual Studio Solution File, Format Version 12.00
# Visual Studio 15
VisualStudioVersion = 15.0.27703.2026
MinimumVisualStudioVersion = 10.0.40219.1
Project("{888888A0-9F3D-457C-B088-3A5042F75D52}") = "Major", "Major\Major.pyproj", "{A28F6BC0-0FED-4D28-A823-917FA6A23878}"
EndProject
Global
	GlobalSection(SolutionConfigurationPlatforms) = preSolution
		Debug|Any CPU = Debug|Any CPU
		Release|Any CPU = Release|Any CPU
	EndGlobalSection
	GlobalSection(ProjectConfigurationPlatforms) = postSolution
		{A28F6BC0-0FED-4D28-A823-917FA6A23878}.Debug|Any CPU.ActiveCfg = Debug|Any CPU
		{A28F6BC0-0FED-4D28-A823-917FA6A23878}.Release|Any CPU.ActiveCfg = Release|Any CPU
	EndGlobalSection
	GlobalSection(SolutionProperties) = preSolution
		HideSolutionNode = FALSE
	EndGlobalSection
	GlobalSection(ExtensibilityGlobals) = postSolution
		SolutionGuid = {0418A5A8-2DAC-4FF0-AB57-079EF14418DD}
	EndGlobalSection
EndGlobal
